
Microsoft Visual Studio Solution File, Format Version 12.00
# Visual Studio 15
VisualStudioVersion = 15.0.28307.902
MinimumVisualStudioVersion = 10.0.40219.1
Project("{FAE04EC0-301F-11D3-BF4B-00C04F79EFBC}") = "ConsoleUI", "ConsoleUI\ConsoleUI.csproj", "{456EC81B-4278-4C19-A456-41FCC05F33FC}"
EndProject
Project("{FAE04EC0-301F-11D3-BF4B-00C04F79EFBC}") = "DemoLibrary", "DemoLibrary\DemoLibrary.csproj", "{D67C56A6-5B65-45C8-A68B-8B77450DE2EC}"
EndProject
Global
	GlobalSection(SolutionConfigurationPlatforms) = preSolution
		Debug|Any CPU = Debug|Any CPU
		Release|Any CPU = Release|Any CPU
	EndGlobalSection
	GlobalSection(ProjectConfigurationPlatforms) = postSolution
		{456EC81B-4278-4C19-A456-41FCC05F33FC}.Debug|Any CPU.ActiveCfg = Debug|Any CPU
		{456EC81B-4278-4C19-A456-41FCC05F33FC}.Debug|Any CPU.Build.0 = Debug|Any CPU
		{456EC81B-4278-4C19-A456-41FCC05F33FC}.Release|Any CPU.ActiveCfg = Release|Any CPU
		{456EC81B-4278-4C19-A456-41FCC05F33FC}.Release|Any CPU.Build.0 = Release|Any CPU
		{D67C56A6-5B65-45C8-A68B-8B77450DE2EC}.Debug|Any CPU.ActiveCfg = Debug|Any CPU
		{D67C56A6-5B65-45C8-A68B-8B77450DE2EC}.Debug|Any CPU.Build.0 = Debug|Any CPU
		{D67C56A6-5B65-45C8-A68B-8B77450DE2EC}.Release|Any CPU.ActiveCfg = Release|Any CPU
		{D67C56A6-5B65-45C8-A68B-8B77450DE2EC}.Release|Any CPU.Build.0 = Release|Any CPU
	EndGlobalSection
	GlobalSection(SolutionProperties) = preSolution
		HideSolutionNode = FALSE
	EndGlobalSection
	GlobalSection(ExtensibilityGlobals) = postSolution
		SolutionGuid = {8FD2E41B-C0B7-439D-AF6B-9F8EC237CE73}
	EndGlobalSection
EndGlobal
